// !$*UTF8*$!
{
	archiveVersion = 1;
	classes = {
	};
	objectVersion = 50;
	objects = {

/* Begin PBXBuildFile section */
		D7DC5F2D23FBD5BF000746FC /* AppDelegate.swift in Sources */ = {isa = PBXBuildFile; fileRef = D7DC5F2C23FBD5BF000746FC /* AppDelegate.swift */; };
		D7DC5F2F23FBD5BF000746FC /* SceneDelegate.swift in Sources */ = {isa = PBXBuildFile; fileRef = D7DC5F2E23FBD5BF000746FC /* SceneDelegate.swift */; };
		D7DC5F3123FBD5BF000746FC /* ViewController.swift in Sources */ = {isa = PBXBuildFile; fileRef = D7DC5F3023FBD5BF000746FC /* ViewController.swift */; };
		D7DC5F3423FBD5BF000746FC /* Main.storyboard in Resources */ = {isa = PBXBuildFile; fileRef = D7DC5F3223FBD5BF000746FC /* Main.storyboard */; };
		D7DC5F3623FBD5C1000746FC /* Assets.xcassets in Resources */ = {isa = PBXBuildFile; fileRef = D7DC5F3523FBD5C1000746FC /* Assets.xcassets */; };
		D7DC5F3923FBD5C1000746FC /* LaunchScreen.storyboard in Resources */ = {isa = PBXBuildFile; fileRef = D7DC5F3723FBD5C1000746FC /* LaunchScreen.storyboard */; };
		D7DC5F4123FBD673000746FC /* HQPraiseAnimation.swift in Sources */ = {isa = PBXBuildFile; fileRef = D7DC5F4023FBD673000746FC /* HQPraiseAnimation.swift */; };
/* End PBXBuildFile section */

/* Begin PBXFileReference section */
		D7DC5F2923FBD5BF000746FC /* HQPraiseAnimation.app */ = {isa = PBXFileReference; explicitFileType = wrapper.application; includeInIndex = 0; path = HQPraiseAnimation.app; sourceTree = BUILT_PRODUCTS_DIR; };
		D7DC5F2C23FBD5BF000746FC /* AppDelegate.swift */ = {isa = PBXFileReference; lastKnownFileType = sourcecode.swift; path = AppDelegate.swift; sourceTree = "<group>"; };
		D7DC5F2E23FBD5BF000746FC /* SceneDelegate.swift */ = {isa = PBXFileReference; lastKnownFileType = sourcecode.swift; path = SceneDelegate.swift; sourceTree = "<group>"; };
		D7DC5F3023FBD5BF000746FC /* ViewController.swift */ = {isa = PBXFileReference; lastKnownFileType = sourcecode.swift; path = ViewController.swift; sourceTree = "<group>"; };
		D7DC5F3323FBD5BF000746FC /* Base */ = {isa = PBXFileReference; lastKnownFileType = file.storyboard; name = Base; path = Base.lproj/Main.storyboard; sourceTree = "<group>"; };
		D7DC5F3523FBD5C1000746FC /* Assets.xcassets */ = {isa = PBXFileReference; lastKnownFileType = folder.assetcatalog; path = Assets.xcassets; sourceTree = "<group>"; };
		D7DC5F3823FBD5C1000746FC /* Base */ = {isa = PBXFileReference; lastKnownFileType = file.storyboard; name = Base; path = Base.lproj/LaunchScreen.storyboard; sourceTree = "<group>"; };
		D7DC5F3A23FBD5C1000746FC /* Info.plist */ = {isa = PBXFileReference; lastKnownFileType = text.plist.xml; path = Info.plist; sourceTree = "<group>"; };
		D7DC5F4023FBD673000746FC /* HQPraiseAnimation.swift */ = {isa = PBXFileReference; lastKnownFileType = sourcecode.swift; path = HQPraiseAnimation.swift; sourceTree = "<group>"; };
/* End PBXFileReference section */

/* Begin PBXFrameworksBuildPhase section */
		D7DC5F2623FBD5BF000746FC /* Frameworks */ = {
			isa = PBXFrameworksBuildPhase;
			buildActionMask = 2147483647;
			files = (
			);
			runOnlyForDeploymentPostprocessing = 0;
		};
/* End PBXFrameworksBuildPhase section */

/* Begin PBXGroup section */
		D7DC5F2023FBD5BF000746FC = {
			isa = PBXGroup;
			children = (
				D7DC5F2B23FBD5BF000746FC /* HQPraiseAnimation */,
				D7DC5F2A23FBD5BF000746FC /* Products */,
			);
			sourceTree = "<group>";
		};
		D7DC5F2A23FBD5BF000746FC /* Products */ = {
			isa = PBXGroup;
			children = (
				D7DC5F2923FBD5BF000746FC /* HQPraiseAnimation.app */,
			);
			name = Products;
			sourceTree = "<group>";
		};
		D7DC5F2B23FBD5BF000746FC /* HQPraiseAnimation */ = {
			isa = PBXGroup;
			children = (
				D7DC5F2C23FBD5BF000746FC /* AppDelegate.swift */,
				D7DC5F2E23FBD5BF000746FC /* SceneDelegate.swift */,
				D7DC5F3023FBD5BF000746FC /* ViewController.swift */,
				D7DC5F4023FBD673000746FC /* HQPraiseAnimation.swift */,
				D7DC5F3223FBD5BF000746FC /* Main.storyboard */,
				D7DC5F3523FBD5C1000746FC /* Assets.xcassets */,
				D7DC5F3723FBD5C1000746FC /* LaunchScreen.storyboard */,
				D7DC5F3A23FBD5C1000746FC /* Info.plist */,
			);
			path = HQPraiseAnimation;
			sourceTree = "<group>";
		};
/* End PBXGroup section */

/* Begin PBXNativeTarget section */
		D7DC5F2823FBD5BF000746FC /* HQPraiseAnimation */ = {
			isa = PBXNativeTarget;
			buildConfigurationList = D7DC5F3D23FBD5C1000746FC /* Build configuration list for PBXNativeTarget "HQPraiseAnimation" */;
			buildPhases = (
				D7DC5F2523FBD5BF000746FC /* Sources */,
				D7DC5F2623FBD5BF000746FC /* Frameworks */,
				D7DC5F2723FBD5BF000746FC /* Resources */,
			);
			buildRules = (
			);
			dependencies = (
			);
			name = HQPraiseAnimation;
			productName = HQPraiseAnimation;
			productReference = D7DC5F2923FBD5BF000746FC /* HQPraiseAnimation.app */;
			productType = "com.apple.product-type.application";
		};
/* End PBXNativeTarget section */

/* Begin PBXProject section */
		D7DC5F2123FBD5BF000746FC /* Project object */ = {
			isa = PBXProject;
			attributes = {
				LastSwiftUpdateCheck = 1130;
				LastUpgradeCheck = 1130;
				ORGANIZATIONNAME = "闫海强";
				TargetAttributes = {
					D7DC5F2823FBD5BF000746FC = {
						CreatedOnToolsVersion = 11.3.1;
					};
				};
			};
			buildConfigurationList = D7DC5F2423FBD5BF000746FC /* Build configuration list for PBXProject "HQPraiseAnimation" */;
			compatibilityVersion = "Xcode 9.3";
			developmentRegion = en;
			hasScannedForEncodings = 0;
			knownRegions = (
				en,
				Base,
			);
			mainGroup = D7DC5F2023FBD5BF000746FC;
			productRefGroup = D7DC5F2A23FBD5BF000746FC /* Products */;
			projectDirPath = "";
			projectRoot = "";
			targets = (
				D7DC5F2823FBD5BF000746FC /* HQPraiseAnimation */,
			);
		};
/* End PBXProject section */

/* Begin PBXResourcesBuildPhase section */
		D7DC5F2723FBD5BF000746FC /* Resources */ = {
			isa = PBXResourcesBuildPhase;
			buildActionMask = 2147483647;
			files = (
				D7DC5F3923FBD5C1000746FC /* LaunchScreen.storyboard in Resources */,
				D7DC5F3623FBD5C1000746FC /* Assets.xcassets in Resources */,
				D7DC5F3423FBD5BF000746FC /* Main.storyboard in Resources */,
			);
			runOnlyForDeploymentPostprocessing = 0;
		};
/* End PBXResourcesBuildPhase section */

/* Begin PBXSourcesBuildPhase section */
		D7DC5F2523FBD5BF000746FC /* Sources */ = {
			isa = PBXSourcesBuildPhase;
			buildActionMask = 2147483647;
			files = (
				D7DC5F3123FBD5BF000746FC /* ViewController.swift in Sources */,
				D7DC5F2D23FBD5BF000746FC /* AppDelegate.swift in Sources */,
				D7DC5F2F23FBD5BF000746FC /* SceneDelegate.swift in Sources */,
				D7DC5F4123FBD673000746FC /* HQPraiseAnimation.swift in Sources */,
			);
			runOnlyForDeploymentPostprocessing = 0;
		};
/* End PBXSourcesBuildPhase section */

/* Begin PBXVariantGroup section */
		D7DC5F3223FBD5BF000746FC /* Main.storyboard */ = {
			isa = PBXVariantGroup;
			children = (
				D7DC5F3323FBD5BF000746FC /* Base */,
			);
			name = Main.storyboard;
			sourceTree = "<group>";
		};
		D7DC5F3723FBD5C1000746FC /* LaunchScreen.storyboard */ = {
			isa = PBXVariantGroup;
			children = (
				D7DC5F3823FBD5C1000746FC /* Base */,
			);
			name = LaunchScreen.storyboard;
			sourceTree = "<group>";
		};
/* End PBXVariantGroup section */

/* Begin XCBuildConfiguration section */
		D7DC5F3B23FBD5C1000746FC /* Debug */ = {
			isa = XCBuildConfiguration;
			buildSettings = {
				ALWAYS_SEARCH_USER_PATHS = NO;
				CLANG_ANALYZER_NONNULL = YES;
				CLANG_ANALYZER_NUMBER_OBJECT_CONVERSION = YES_AGGRESSIVE;
				CLANG_CXX_LANGUAGE_STANDARD = "gnu++14";
				CLANG_CXX_LIBRARY = "libc++";
				CLANG_ENABLE_MODULES = YES;
				CLANG_ENABLE_OBJC_ARC = YES;
				CLANG_ENABLE_OBJC_WEAK = YES;
				CLANG_WARN_BLOCK_CAPTURE_AUTORELEASING = YES;
				CLANG_WARN_BOOL_CONVERSION = YES;
				CLANG_WARN_COMMA = YES;
				CLANG_WARN_CONSTANT_CONVERSION = YES;
				CLANG_WARN_DEPRECATED_OBJC_IMPLEMENTATIONS = YES;
				CLANG_WARN_DIRECT_OBJC_ISA_USAGE = YES_ERROR;
				CLANG_WARN_DOCUMENTATION_COMMENTS = YES;
				CLANG_WARN_EMPTY_BODY = YES;
				CLANG_WARN_ENUM_CONVERSION = YES;
				CLANG_WARN_INFINITE_RECURSION = YES;
				CLANG_WARN_INT_CONVERSION = YES;
				CLANG_WARN_NON_LITERAL_NULL_CONVERSION = YES;
				CLANG_WARN_OBJC_IMPLICIT_RETAIN_SELF = YES;
				CLANG_WARN_OBJC_LITERAL_CONVERSION = YES;
				CLANG_WARN_OBJC_ROOT_CLASS = YES_ERROR;
				CLANG_WARN_RANGE_LOOP_ANALYSIS = YES;
				CLANG_WARN_STRICT_PROTOTYPES = YES;
				CLANG_WARN_SUSPICIOUS_MOVE = YES;
				CLANG_WARN_UNGUARDED_AVAILABILITY = YES_AGGRESSIVE;
				CLANG_WARN_UNREACHABLE_CODE = YES;
				CLANG_WARN__DUPLICATE_METHOD_MATCH = YES;
				COPY_PHASE_STRIP = NO;
				DEBUG_INFORMATION_FORMAT = dwarf;
				ENABLE_STRICT_OBJC_MSGSEND = YES;
				ENABLE_TESTABILITY = YES;
				GCC_C_LANGUAGE_STANDARD = gnu11;
				GCC_DYNAMIC_NO_PIC = NO;
				GCC_NO_COMMON_BLOCKS = YES;
				GCC_OPTIMIZATION_LEVEL = 0;
				GCC_PREPROCESSOR_DEFINITIONS = (
					"DEBUG=1",
					"$(inherited)",
				);
				GCC_WARN_64_TO_32_BIT_CONVERSION = YES;
				GCC_WARN_ABOUT_RETURN_TYPE = YES_ERROR;
				GCC_WARN_UNDECLARED_SELECTOR = YES;
				GCC_WARN_UNINITIALIZED_AUTOS = YES_AGGRESSIVE;
				GCC_WARN_UNUSED_FUNCTION = YES;
				GCC_WARN_UNUSED_VARIABLE = YES;
				IPHONEOS_DEPLOYMENT_TARGET = 13.2;
				MTL_ENABLE_DEBUG_INFO = INCLUDE_SOURCE;
				MTL_FAST_MATH = YES;
				ONLY_ACTIVE_ARCH = YES;
				SDKROOT = iphoneos;
				SWIFT_ACTIVE_COMPILATION_CONDITIONS = DEBUG;
				SWIFT_OPTIMIZATION_LEVEL = "-Onone";
			};
			name = Debug;
		};
		D7DC5F3C23FBD5C1000746FC /* Release */ = {
			isa = XCBuildConfiguration;
			buildSettings = {
				ALWAYS_SEARCH_USER_PATHS = NO;
				CLANG_ANALYZER_NONNULL = YES;
				CLANG_ANALYZER_NUMBER_OBJECT_CONVERSION = YES_AGGRESSIVE;
				CLANG_CXX_LANGUAGE_STANDARD = "gnu++14";
				CLANG_CXX_LIBRARY = "libc++";
				CLANG_ENABLE_MODULES = YES;
				CLANG_ENABLE_OBJC_ARC = YES;
				CLANG_ENABLE_OBJC_WEAK = YES;
				CLANG_WARN_BLOCK_CAPTURE_AUTORELEASING = YES;
				CLANG_WARN_BOOL_CONVERSION = YES;
				CLANG_WARN_COMMA = YES;
				CLANG_WARN_CONSTANT_CONVERSION = YES;
				CLANG_WARN_DEPRECATED_OBJC_IMPLEMENTATIONS = YES;
				CLANG_WARN_DIRECT_OBJC_ISA_USAGE = YES_ERROR;
				CLANG_WARN_DOCUMENTATION_COMMENTS = YES;
				CLANG_WARN_EMPTY_BODY = YES;
				CLANG_WARN_ENUM_CONVERSION = YES;
				CLANG_WARN_INFINITE_RECURSION = YES;
				CLANG_WARN_INT_CONVERSION = YES;
				CLANG_WARN_NON_LITERAL_NULL_CONVERSION = YES;
				CLANG_WARN_OBJC_IMPLICIT_RETAIN_SELF = YES;
				CLANG_WARN_OBJC_LITERAL_CONVERSION = YES;
				CLANG_WARN_OBJC_ROOT_CLASS = YES_ERROR;
				CLANG_WARN_RANGE_LOOP_ANALYSIS = YES;
				CLANG_WARN_STRICT_PROTOTYPES = YES;
				CLANG_WARN_SUSPICIOUS_MOVE = YES;
				CLANG_WARN_UNGUARDED_AVAILABILITY = YES_AGGRESSIVE;
				CLANG_WARN_UNREACHABLE_CODE = YES;
				CLANG_WARN__DUPLICATE_METHOD_MATCH = YES;
				COPY_PHASE_STRIP = NO;
				DEBUG_INFORMATION_FORMAT = "dwarf-with-dsym";
				ENABLE_NS_ASSERTIONS = NO;
				ENABLE_STRICT_OBJC_MSGSEND = YES;
				GCC_C_LANGUAGE_STANDARD = gnu11;
				GCC_NO_COMMON_BLOCKS = YES;
				GCC_WARN_64_TO_32_BIT_CONVERSION = YES;
				GCC_WARN_ABOUT_RETURN_TYPE = YES_ERROR;
				GCC_WARN_UNDECLARED_SELECTOR = YES;
				GCC_WARN_UNINITIALIZED_AUTOS = YES_AGGRESSIVE;
				GCC_WARN_UNUSED_FUNCTION = YES;
				GCC_WARN_UNUSED_VARIABLE = YES;
				IPHONEOS_DEPLOYMENT_TARGET = 13.2;
				MTL_ENABLE_DEBUG_INFO = NO;
				MTL_FAST_MATH = YES;
				SDKROOT = iphoneos;
				SWIFT_COMPILATION_MODE = wholemodule;
				SWIFT_OPTIMIZATION_LEVEL = "-O";
				VALIDATE_PRODUCT = YES;
			};
			name = Release;
		};
		D7DC5F3E23FBD5C1000746FC /* Debug */ = {
			isa = XCBuildConfiguration;
			buildSettings = {
				ASSETCATALOG_COMPILER_APPICON_NAME = AppIcon;
				CODE_SIGN_STYLE = Automatic;
				DEVELOPMENT_TEAM = 3CQ26KW46J;
				INFOPLIST_FILE = HQPraiseAnimation/Info.plist;
				LD_RUNPATH_SEARCH_PATHS = (
					"$(inherited)",
					"@executable_path/Frameworks",
				);
				PRODUCT_BUNDLE_IDENTIFIER = com.yanhaiqiang.HQPraiseAnimation;
				PRODUCT_NAME = "$(TARGET_NAME)";
				SWIFT_VERSION = 5.0;
				TARGETED_DEVICE_FAMILY = "1,2";
			};
			name = Debug;
		};
		D7DC5F3F23FBD5C1000746FC /* Release */ = {
			isa = XCBuildConfiguration;
			buildSettings = {
				ASSETCATALOG_COMPILER_APPICON_NAME = AppIcon;
				CODE_SIGN_STYLE = Automatic;
				DEVELOPMENT_TEAM = 3CQ26KW46J;
				INFOPLIST_FILE = HQPraiseAnimation/Info.plist;
				LD_RUNPATH_SEARCH_PATHS = (
					"$(inherited)",
					"@executable_path/Frameworks",
				);
				PRODUCT_BUNDLE_IDENTIFIER = com.yanhaiqiang.HQPraiseAnimation;
				PRODUCT_NAME = "$(TARGET_NAME)";
				SWIFT_VERSION = 5.0;
				TARGETED_DEVICE_FAMILY = "1,2";
			};
			name = Release;
		};
/* End XCBuildConfiguration section */

/* Begin XCConfigurationList section */
		D7DC5F2423FBD5BF000746FC /* Build configuration list for PBXProject "HQPraiseAnimation" */ = {
			isa = XCConfigurationList;
			buildConfigurations = (
				D7DC5F3B23FBD5C1000746FC /* Debug */,
				D7DC5F3C23FBD5C1000746FC /* Release */,
			);
			defaultConfigurationIsVisible = 0;
			defaultConfigurationName = Release;
		};
		D7DC5F3D23FBD5C1000746FC /* Build configuration list for PBXNativeTarget "HQPraiseAnimation" */ = {
			isa = XCConfigurationList;
			buildConfigurations = (
				D7DC5F3E23FBD5C1000746FC /* Debug */,
				D7DC5F3F23FBD5C1000746FC /* Release */,
			);
			defaultConfigurationIsVisible = 0;
			defaultConfigurationName = Release;
		};
/* End XCConfigurationList section */
	};
	rootObject = D7DC5F2123FBD5BF000746FC /* Project object */;
}
